
Microsoft Visual Studio Solution File, Format Version 12.00
# Visual Studio Version 17
VisualStudioVersion = 17.7.34003.232
MinimumVisualStudioVersion = 10.0.40219.1
Project("{FAE04EC0-301F-11D3-BF4B-00C04F79EFBC}") = "D3", "D3\D3.csproj", "{97A0C708-172D-4507-8A13-D9E3F56B11FE}"
EndProject
Project("{FAE04EC0-301F-11D3-BF4B-00C04F79EFBC}") = "D32", "D32\D32.csproj", "{0ADC1097-5149-49FA-A2B2-2FEDFFDC97DB}"
EndProject
Project("{FAE04EC0-301F-11D3-BF4B-00C04F79EFBC}") = "D33", "D33\D33.csproj", "{7D6C7C80-4189-4CAE-9311-04B56F5795A1}"
EndProject
Global
	GlobalSection(SolutionConfigurationPlatforms) = preSolution
		Debug|Any CPU = Debug|Any CPU
		Release|Any CPU = Release|Any CPU
	EndGlobalSection
	GlobalSection(ProjectConfigurationPlatforms) = postSolution
		{97A0C708-172D-4507-8A13-D9E3F56B11FE}.Debug|Any CPU.ActiveCfg = Debug|Any CPU
		{97A0C708-172D-4507-8A13-D9E3F56B11FE}.Debug|Any CPU.Build.0 = Debug|Any CPU
		{97A0C708-172D-4507-8A13-D9E3F56B11FE}.Release|Any CPU.ActiveCfg = Release|Any CPU
		{97A0C708-172D-4507-8A13-D9E3F56B11FE}.Release|Any CPU.Build.0 = Release|Any CPU
		{0ADC1097-5149-49FA-A2B2-2FEDFFDC97DB}.Debug|Any CPU.ActiveCfg = Debug|Any CPU
		{0ADC1097-5149-49FA-A2B2-2FEDFFDC97DB}.Debug|Any CPU.Build.0 = Debug|Any CPU
		{0ADC1097-5149-49FA-A2B2-2FEDFFDC97DB}.Release|Any CPU.ActiveCfg = Release|Any CPU
		{0ADC1097-5149-49FA-A2B2-2FEDFFDC97DB}.Release|Any CPU.Build.0 = Release|Any CPU
		{7D6C7C80-4189-4CAE-9311-04B56F5795A1}.Debug|Any CPU.ActiveCfg = Debug|Any CPU
		{7D6C7C80-4189-4CAE-9311-04B56F5795A1}.Debug|Any CPU.Build.0 = Debug|Any CPU
		{7D6C7C80-4189-4CAE-9311-04B56F5795A1}.Release|Any CPU.ActiveCfg = Release|Any CPU
		{7D6C7C80-4189-4CAE-9311-04B56F5795A1}.Release|Any CPU.Build.0 = Release|Any CPU
	EndGlobalSection
	GlobalSection(SolutionProperties) = preSolution
		HideSolutionNode = FALSE
	EndGlobalSection
	GlobalSection(ExtensibilityGlobals) = postSolution
		SolutionGuid = {8DFB17C0-7CD2-40F3-8526-BD768F438D29}
	EndGlobalSection
EndGlobal
